// !$*UTF8*$!
{
	archiveVersion = 1;
	classes = {
	};
	objectVersion = 50;
	objects = {

/* Begin PBXBuildFile section */
		8462BECD2560132B006B6FFA /* GroundbookApp.swift in Sources */ = {isa = PBXBuildFile; fileRef = 8462BECC2560132B006B6FFA /* GroundbookApp.swift */; };
		8462BECF2560132B006B6FFA /* ContentView.swift in Sources */ = {isa = PBXBuildFile; fileRef = 8462BECE2560132B006B6FFA /* ContentView.swift */; };
		8462BED12560132F006B6FFA /* Assets.xcassets in Resources */ = {isa = PBXBuildFile; fileRef = 8462BED02560132F006B6FFA /* Assets.xcassets */; };
		8462BED42560132F006B6FFA /* Preview Assets.xcassets in Resources */ = {isa = PBXBuildFile; fileRef = 8462BED32560132F006B6FFA /* Preview Assets.xcassets */; };
		8462BEDF2560132F006B6FFA /* GroundbookTests.swift in Sources */ = {isa = PBXBuildFile; fileRef = 8462BEDE2560132F006B6FFA /* GroundbookTests.swift */; };
		8462BEEA2560132F006B6FFA /* GroundbookUITests.swift in Sources */ = {isa = PBXBuildFile; fileRef = 8462BEE92560132F006B6FFA /* GroundbookUITests.swift */; };
/* End PBXBuildFile section */

/* Begin PBXContainerItemProxy section */
		8462BEDB2560132F006B6FFA /* PBXContainerItemProxy */ = {
			isa = PBXContainerItemProxy;
			containerPortal = 8462BEC12560132B006B6FFA /* Project object */;
			proxyType = 1;
			remoteGlobalIDString = 8462BEC82560132B006B6FFA;
			remoteInfo = Groundbook;
		};
		8462BEE62560132F006B6FFA /* PBXContainerItemProxy */ = {
			isa = PBXContainerItemProxy;
			containerPortal = 8462BEC12560132B006B6FFA /* Project object */;
			proxyType = 1;
			remoteGlobalIDString = 8462BEC82560132B006B6FFA;
			remoteInfo = Groundbook;
		};
/* End PBXContainerItemProxy section */

/* Begin PBXFileReference section */
		8462BEC92560132B006B6FFA /* Groundbook.app */ = {isa = PBXFileReference; explicitFileType = wrapper.application; includeInIndex = 0; path = Groundbook.app; sourceTree = BUILT_PRODUCTS_DIR; };
		8462BECC2560132B006B6FFA /* GroundbookApp.swift */ = {isa = PBXFileReference; lastKnownFileType = sourcecode.swift; path = GroundbookApp.swift; sourceTree = "<group>"; };
		8462BECE2560132B006B6FFA /* ContentView.swift */ = {isa = PBXFileReference; lastKnownFileType = sourcecode.swift; path = ContentView.swift; sourceTree = "<group>"; };
		8462BED02560132F006B6FFA /* Assets.xcassets */ = {isa = PBXFileReference; lastKnownFileType = folder.assetcatalog; path = Assets.xcassets; sourceTree = "<group>"; };
		8462BED32560132F006B6FFA /* Preview Assets.xcassets */ = {isa = PBXFileReference; lastKnownFileType = folder.assetcatalog; path = "Preview Assets.xcassets"; sourceTree = "<group>"; };
		8462BED52560132F006B6FFA /* Info.plist */ = {isa = PBXFileReference; lastKnownFileType = text.plist.xml; path = Info.plist; sourceTree = "<group>"; };
		8462BEDA2560132F006B6FFA /* GroundbookTests.xctest */ = {isa = PBXFileReference; explicitFileType = wrapper.cfbundle; includeInIndex = 0; path = GroundbookTests.xctest; sourceTree = BUILT_PRODUCTS_DIR; };
		8462BEDE2560132F006B6FFA /* GroundbookTests.swift */ = {isa = PBXFileReference; lastKnownFileType = sourcecode.swift; path = GroundbookTests.swift; sourceTree = "<group>"; };
		8462BEE02560132F006B6FFA /* Info.plist */ = {isa = PBXFileReference; lastKnownFileType = text.plist.xml; path = Info.plist; sourceTree = "<group>"; };
		8462BEE52560132F006B6FFA /* GroundbookUITests.xctest */ = {isa = PBXFileReference; explicitFileType = wrapper.cfbundle; includeInIndex = 0; path = GroundbookUITests.xctest; sourceTree = BUILT_PRODUCTS_DIR; };
		8462BEE92560132F006B6FFA /* GroundbookUITests.swift */ = {isa = PBXFileReference; lastKnownFileType = sourcecode.swift; path = GroundbookUITests.swift; sourceTree = "<group>"; };
		8462BEEB2560132F006B6FFA /* Info.plist */ = {isa = PBXFileReference; lastKnownFileType = text.plist.xml; path = Info.plist; sourceTree = "<group>"; };
/* End PBXFileReference section */

/* Begin PBXFrameworksBuildPhase section */
		8462BEC62560132B006B6FFA /* Frameworks */ = {
			isa = PBXFrameworksBuildPhase;
			buildActionMask = 2147483647;
			files = (
			);
			runOnlyForDeploymentPostprocessing = 0;
		};
		8462BED72560132F006B6FFA /* Frameworks */ = {
			isa = PBXFrameworksBuildPhase;
			buildActionMask = 2147483647;
			files = (
			);
			runOnlyForDeploymentPostprocessing = 0;
		};
		8462BEE22560132F006B6FFA /* Frameworks */ = {
			isa = PBXFrameworksBuildPhase;
			buildActionMask = 2147483647;
			files = (
			);
			runOnlyForDeploymentPostprocessing = 0;
		};
/* End PBXFrameworksBuildPhase section */

/* Begin PBXGroup section */
		8462BEC02560132B006B6FFA = {
			isa = PBXGroup;
			children = (
				8462BECB2560132B006B6FFA /* Groundbook */,
				8462BEDD2560132F006B6FFA /* GroundbookTests */,
				8462BEE82560132F006B6FFA /* GroundbookUITests */,
				8462BECA2560132B006B6FFA /* Products */,
			);
			sourceTree = "<group>";
		};
		8462BECA2560132B006B6FFA /* Products */ = {
			isa = PBXGroup;
			children = (
				8462BEC92560132B006B6FFA /* Groundbook.app */,
				8462BEDA2560132F006B6FFA /* GroundbookTests.xctest */,
				8462BEE52560132F006B6FFA /* GroundbookUITests.xctest */,
			);
			name = Products;
			sourceTree = "<group>";
		};
		8462BECB2560132B006B6FFA /* Groundbook */ = {
			isa = PBXGroup;
			children = (
				8462BECC2560132B006B6FFA /* GroundbookApp.swift */,
				8462BECE2560132B006B6FFA /* ContentView.swift */,
				8462BED02560132F006B6FFA /* Assets.xcassets */,
				8462BED52560132F006B6FFA /* Info.plist */,
				8462BED22560132F006B6FFA /* Preview Content */,
			);
			path = Groundbook;
			sourceTree = "<group>";
		};
		8462BED22560132F006B6FFA /* Preview Content */ = {
			isa = PBXGroup;
			children = (
				8462BED32560132F006B6FFA /* Preview Assets.xcassets */,
			);
			path = "Preview Content";
			sourceTree = "<group>";
		};
		8462BEDD2560132F006B6FFA /* GroundbookTests */ = {
			isa = PBXGroup;
			children = (
				8462BEDE2560132F006B6FFA /* GroundbookTests.swift */,
				8462BEE02560132F006B6FFA /* Info.plist */,
			);
			path = GroundbookTests;
			sourceTree = "<group>";
		};
		8462BEE82560132F006B6FFA /* GroundbookUITests */ = {
			isa = PBXGroup;
			children = (
				8462BEE92560132F006B6FFA /* GroundbookUITests.swift */,
				8462BEEB2560132F006B6FFA /* Info.plist */,
			);
			path = GroundbookUITests;
			sourceTree = "<group>";
		};
/* End PBXGroup section */

/* Begin PBXNativeTarget section */
		8462BEC82560132B006B6FFA /* Groundbook */ = {
			isa = PBXNativeTarget;
			buildConfigurationList = 8462BEEE2560132F006B6FFA /* Build configuration list for PBXNativeTarget "Groundbook" */;
			buildPhases = (
				8462BEC52560132B006B6FFA /* Sources */,
				8462BEC62560132B006B6FFA /* Frameworks */,
				8462BEC72560132B006B6FFA /* Resources */,
			);
			buildRules = (
			);
			dependencies = (
			);
			name = Groundbook;
			productName = Groundbook;
			productReference = 8462BEC92560132B006B6FFA /* Groundbook.app */;
			productType = "com.apple.product-type.application";
		};
		8462BED92560132F006B6FFA /* GroundbookTests */ = {
			isa = PBXNativeTarget;
			buildConfigurationList = 8462BEF12560132F006B6FFA /* Build configuration list for PBXNativeTarget "GroundbookTests" */;
			buildPhases = (
				8462BED62560132F006B6FFA /* Sources */,
				8462BED72560132F006B6FFA /* Frameworks */,
				8462BED82560132F006B6FFA /* Resources */,
			);
			buildRules = (
			);
			dependencies = (
				8462BEDC2560132F006B6FFA /* PBXTargetDependency */,
			);
			name = GroundbookTests;
			productName = GroundbookTests;
			productReference = 8462BEDA2560132F006B6FFA /* GroundbookTests.xctest */;
			productType = "com.apple.product-type.bundle.unit-test";
		};
		8462BEE42560132F006B6FFA /* GroundbookUITests */ = {
			isa = PBXNativeTarget;
			buildConfigurationList = 8462BEF42560132F006B6FFA /* Build configuration list for PBXNativeTarget "GroundbookUITests" */;
			buildPhases = (
				8462BEE12560132F006B6FFA /* Sources */,
				8462BEE22560132F006B6FFA /* Frameworks */,
				8462BEE32560132F006B6FFA /* Resources */,
			);
			buildRules = (
			);
			dependencies = (
				8462BEE72560132F006B6FFA /* PBXTargetDependency */,
			);
			name = GroundbookUITests;
			productName = GroundbookUITests;
			productReference = 8462BEE52560132F006B6FFA /* GroundbookUITests.xctest */;
			productType = "com.apple.product-type.bundle.ui-testing";
		};
/* End PBXNativeTarget section */

/* Begin PBXProject section */
		8462BEC12560132B006B6FFA /* Project object */ = {
			isa = PBXProject;
			attributes = {
				LastSwiftUpdateCheck = 1200;
				LastUpgradeCheck = 1200;
				TargetAttributes = {
					8462BEC82560132B006B6FFA = {
						CreatedOnToolsVersion = 12.0.1;
					};
					8462BED92560132F006B6FFA = {
						CreatedOnToolsVersion = 12.0.1;
						TestTargetID = 8462BEC82560132B006B6FFA;
					};
					8462BEE42560132F006B6FFA = {
						CreatedOnToolsVersion = 12.0.1;
						TestTargetID = 8462BEC82560132B006B6FFA;
					};
				};
			};
			buildConfigurationList = 8462BEC42560132B006B6FFA /* Build configuration list for PBXProject "Groundbook" */;
			compatibilityVersion = "Xcode 9.3";
			developmentRegion = en;
			hasScannedForEncodings = 0;
			knownRegions = (
				en,
				Base,
			);
			mainGroup = 8462BEC02560132B006B6FFA;
			productRefGroup = 8462BECA2560132B006B6FFA /* Products */;
			projectDirPath = "";
			projectRoot = "";
			targets = (
				8462BEC82560132B006B6FFA /* Groundbook */,
				8462BED92560132F006B6FFA /* GroundbookTests */,
				8462BEE42560132F006B6FFA /* GroundbookUITests */,
			);
		};
/* End PBXProject section */

/* Begin PBXResourcesBuildPhase section */
		8462BEC72560132B006B6FFA /* Resources */ = {
			isa = PBXResourcesBuildPhase;
			buildActionMask = 2147483647;
			files = (
				8462BED42560132F006B6FFA /* Preview Assets.xcassets in Resources */,
				8462BED12560132F006B6FFA /* Assets.xcassets in Resources */,
			);
			runOnlyForDeploymentPostprocessing = 0;
		};
		8462BED82560132F006B6FFA /* Resources */ = {
			isa = PBXResourcesBuildPhase;
			buildActionMask = 2147483647;
			files = (
			);
			runOnlyForDeploymentPostprocessing = 0;
		};
		8462BEE32560132F006B6FFA /* Resources */ = {
			isa = PBXResourcesBuildPhase;
			buildActionMask = 2147483647;
			files = (
			);
			runOnlyForDeploymentPostprocessing = 0;
		};
/* End PBXResourcesBuildPhase section */

/* Begin PBXSourcesBuildPhase section */
		8462BEC52560132B006B6FFA /* Sources */ = {
			isa = PBXSourcesBuildPhase;
			buildActionMask = 2147483647;
			files = (
				8462BECF2560132B006B6FFA /* ContentView.swift in Sources */,
				8462BECD2560132B006B6FFA /* GroundbookApp.swift in Sources */,
			);
			runOnlyForDeploymentPostprocessing = 0;
		};
		8462BED62560132F006B6FFA /* Sources */ = {
			isa = PBXSourcesBuildPhase;
			buildActionMask = 2147483647;
			files = (
				8462BEDF2560132F006B6FFA /* GroundbookTests.swift in Sources */,
			);
			runOnlyForDeploymentPostprocessing = 0;
		};
		8462BEE12560132F006B6FFA /* Sources */ = {
			isa = PBXSourcesBuildPhase;
			buildActionMask = 2147483647;
			files = (
				8462BEEA2560132F006B6FFA /* GroundbookUITests.swift in Sources */,
			);
			runOnlyForDeploymentPostprocessing = 0;
		};
/* End PBXSourcesBuildPhase section */

/* Begin PBXTargetDependency section */
		8462BEDC2560132F006B6FFA /* PBXTargetDependency */ = {
			isa = PBXTargetDependency;
			target = 8462BEC82560132B006B6FFA /* Groundbook */;
			targetProxy = 8462BEDB2560132F006B6FFA /* PBXContainerItemProxy */;
		};
		8462BEE72560132F006B6FFA /* PBXTargetDependency */ = {
			isa = PBXTargetDependency;
			target = 8462BEC82560132B006B6FFA /* Groundbook */;
			targetProxy = 8462BEE62560132F006B6FFA /* PBXContainerItemProxy */;
		};
/* End PBXTargetDependency section */

/* Begin XCBuildConfiguration section */
		8462BEEC2560132F006B6FFA /* Debug */ = {
			isa = XCBuildConfiguration;
			buildSettings = {
				ALWAYS_SEARCH_USER_PATHS = NO;
				CLANG_ANALYZER_NONNULL = YES;
				CLANG_ANALYZER_NUMBER_OBJECT_CONVERSION = YES_AGGRESSIVE;
				CLANG_CXX_LANGUAGE_STANDARD = "gnu++14";
				CLANG_CXX_LIBRARY = "libc++";
				CLANG_ENABLE_MODULES = YES;
				CLANG_ENABLE_OBJC_ARC = YES;
				CLANG_ENABLE_OBJC_WEAK = YES;
				CLANG_WARN_BLOCK_CAPTURE_AUTORELEASING = YES;
				CLANG_WARN_BOOL_CONVERSION = YES;
				CLANG_WARN_COMMA = YES;
				CLANG_WARN_CONSTANT_CONVERSION = YES;
				CLANG_WARN_DEPRECATED_OBJC_IMPLEMENTATIONS = YES;
				CLANG_WARN_DIRECT_OBJC_ISA_USAGE = YES_ERROR;
				CLANG_WARN_DOCUMENTATION_COMMENTS = YES;
				CLANG_WARN_EMPTY_BODY = YES;
				CLANG_WARN_ENUM_CONVERSION = YES;
				CLANG_WARN_INFINITE_RECURSION = YES;
				CLANG_WARN_INT_CONVERSION = YES;
				CLANG_WARN_NON_LITERAL_NULL_CONVERSION = YES;
				CLANG_WARN_OBJC_IMPLICIT_RETAIN_SELF = YES;
				CLANG_WARN_OBJC_LITERAL_CONVERSION = YES;
				CLANG_WARN_OBJC_ROOT_CLASS = YES_ERROR;
				CLANG_WARN_QUOTED_INCLUDE_IN_FRAMEWORK_HEADER = YES;
				CLANG_WARN_RANGE_LOOP_ANALYSIS = YES;
				CLANG_WARN_STRICT_PROTOTYPES = YES;
				CLANG_WARN_SUSPICIOUS_MOVE = YES;
				CLANG_WARN_UNGUARDED_AVAILABILITY = YES_AGGRESSIVE;
				CLANG_WARN_UNREACHABLE_CODE = YES;
				CLANG_WARN__DUPLICATE_METHOD_MATCH = YES;
				COPY_PHASE_STRIP = NO;
				DEBUG_INFORMATION_FORMAT = dwarf;
				ENABLE_STRICT_OBJC_MSGSEND = YES;
				ENABLE_TESTABILITY = YES;
				GCC_C_LANGUAGE_STANDARD = gnu11;
				GCC_DYNAMIC_NO_PIC = NO;
				GCC_NO_COMMON_BLOCKS = YES;
				GCC_OPTIMIZATION_LEVEL = 0;
				GCC_PREPROCESSOR_DEFINITIONS = (
					"DEBUG=1",
					"$(inherited)",
				);
				GCC_WARN_64_TO_32_BIT_CONVERSION = YES;
				GCC_WARN_ABOUT_RETURN_TYPE = YES_ERROR;
				GCC_WARN_UNDECLARED_SELECTOR = YES;
				GCC_WARN_UNINITIALIZED_AUTOS = YES_AGGRESSIVE;
				GCC_WARN_UNUSED_FUNCTION = YES;
				GCC_WARN_UNUSED_VARIABLE = YES;
				IPHONEOS_DEPLOYMENT_TARGET = 14.0;
				MTL_ENABLE_DEBUG_INFO = INCLUDE_SOURCE;
				MTL_FAST_MATH = YES;
				ONLY_ACTIVE_ARCH = YES;
				SDKROOT = iphoneos;
				SWIFT_ACTIVE_COMPILATION_CONDITIONS = DEBUG;
				SWIFT_OPTIMIZATION_LEVEL = "-Onone";
			};
			name = Debug;
		};
		8462BEED2560132F006B6FFA /* Release */ = {
			isa = XCBuildConfiguration;
			buildSettings = {
				ALWAYS_SEARCH_USER_PATHS = NO;
				CLANG_ANALYZER_NONNULL = YES;
				CLANG_ANALYZER_NUMBER_OBJECT_CONVERSION = YES_AGGRESSIVE;
				CLANG_CXX_LANGUAGE_STANDARD = "gnu++14";
				CLANG_CXX_LIBRARY = "libc++";
				CLANG_ENABLE_MODULES = YES;
				CLANG_ENABLE_OBJC_ARC = YES;
				CLANG_ENABLE_OBJC_WEAK = YES;
				CLANG_WARN_BLOCK_CAPTURE_AUTORELEASING = YES;
				CLANG_WARN_BOOL_CONVERSION = YES;
				CLANG_WARN_COMMA = YES;
				CLANG_WARN_CONSTANT_CONVERSION = YES;
				CLANG_WARN_DEPRECATED_OBJC_IMPLEMENTATIONS = YES;
				CLANG_WARN_DIRECT_OBJC_ISA_USAGE = YES_ERROR;
				CLANG_WARN_DOCUMENTATION_COMMENTS = YES;
				CLANG_WARN_EMPTY_BODY = YES;
				CLANG_WARN_ENUM_CONVERSION = YES;
				CLANG_WARN_INFINITE_RECURSION = YES;
				CLANG_WARN_INT_CONVERSION = YES;
				CLANG_WARN_NON_LITERAL_NULL_CONVERSION = YES;
				CLANG_WARN_OBJC_IMPLICIT_RETAIN_SELF = YES;
				CLANG_WARN_OBJC_LITERAL_CONVERSION = YES;
				CLANG_WARN_OBJC_ROOT_CLASS = YES_ERROR;
				CLANG_WARN_QUOTED_INCLUDE_IN_FRAMEWORK_HEADER = YES;
				CLANG_WARN_RANGE_LOOP_ANALYSIS = YES;
				CLANG_WARN_STRICT_PROTOTYPES = YES;
				CLANG_WARN_SUSPICIOUS_MOVE = YES;
				CLANG_WARN_UNGUARDED_AVAILABILITY = YES_AGGRESSIVE;
				CLANG_WARN_UNREACHABLE_CODE = YES;
				CLANG_WARN__DUPLICATE_METHOD_MATCH = YES;
				COPY_PHASE_STRIP = NO;
				DEBUG_INFORMATION_FORMAT = "dwarf-with-dsym";
				ENABLE_NS_ASSERTIONS = NO;
				ENABLE_STRICT_OBJC_MSGSEND = YES;
				GCC_C_LANGUAGE_STANDARD = gnu11;
				GCC_NO_COMMON_BLOCKS = YES;
				GCC_WARN_64_TO_32_BIT_CONVERSION = YES;
				GCC_WARN_ABOUT_RETURN_TYPE = YES_ERROR;
				GCC_WARN_UNDECLARED_SELECTOR = YES;
				GCC_WARN_UNINITIALIZED_AUTOS = YES_AGGRESSIVE;
				GCC_WARN_UNUSED_FUNCTION = YES;
				GCC_WARN_UNUSED_VARIABLE = YES;
				IPHONEOS_DEPLOYMENT_TARGET = 14.0;
				MTL_ENABLE_DEBUG_INFO = NO;
				MTL_FAST_MATH = YES;
				SDKROOT = iphoneos;
				SWIFT_COMPILATION_MODE = wholemodule;
				SWIFT_OPTIMIZATION_LEVEL = "-O";
				VALIDATE_PRODUCT = YES;
			};
			name = Release;
		};
		8462BEEF2560132F006B6FFA /* Debug */ = {
			isa = XCBuildConfiguration;
			buildSettings = {
				ASSETCATALOG_COMPILER_APPICON_NAME = AppIcon;
				ASSETCATALOG_COMPILER_GLOBAL_ACCENT_COLOR_NAME = AccentColor;
				CODE_SIGN_STYLE = Automatic;
				DEVELOPMENT_ASSET_PATHS = "\"Groundbook/Preview Content\"";
				DEVELOPMENT_TEAM = GFY3X62K93;
				ENABLE_PREVIEWS = YES;
				INFOPLIST_FILE = Groundbook/Info.plist;
				IPHONEOS_DEPLOYMENT_TARGET = 14.0;
				LD_RUNPATH_SEARCH_PATHS = (
					"$(inherited)",
					"@executable_path/Frameworks",
				);
				PRODUCT_BUNDLE_IDENTIFIER = ru.myorg.Groundbook;
				PRODUCT_NAME = "$(TARGET_NAME)";
				SWIFT_VERSION = 5.0;
				TARGETED_DEVICE_FAMILY = "1,2";
			};
			name = Debug;
		};
		8462BEF02560132F006B6FFA /* Release */ = {
			isa = XCBuildConfiguration;
			buildSettings = {
				ASSETCATALOG_COMPILER_APPICON_NAME = AppIcon;
				ASSETCATALOG_COMPILER_GLOBAL_ACCENT_COLOR_NAME = AccentColor;
				CODE_SIGN_STYLE = Automatic;
				DEVELOPMENT_ASSET_PATHS = "\"Groundbook/Preview Content\"";
				DEVELOPMENT_TEAM = GFY3X62K93;
				ENABLE_PREVIEWS = YES;
				INFOPLIST_FILE = Groundbook/Info.plist;
				IPHONEOS_DEPLOYMENT_TARGET = 14.0;
				LD_RUNPATH_SEARCH_PATHS = (
					"$(inherited)",
					"@executable_path/Frameworks",
				);
				PRODUCT_BUNDLE_IDENTIFIER = ru.myorg.Groundbook;
				PRODUCT_NAME = "$(TARGET_NAME)";
				SWIFT_VERSION = 5.0;
				TARGETED_DEVICE_FAMILY = "1,2";
			};
			name = Release;
		};
		8462BEF22560132F006B6FFA /* Debug */ = {
			isa = XCBuildConfiguration;
			buildSettings = {
				ALWAYS_EMBED_SWIFT_STANDARD_LIBRARIES = YES;
				BUNDLE_LOADER = "$(TEST_HOST)";
				CODE_SIGN_STYLE = Automatic;
				DEVELOPMENT_TEAM = GFY3X62K93;
				INFOPLIST_FILE = GroundbookTests/Info.plist;
				IPHONEOS_DEPLOYMENT_TARGET = 14.0;
				LD_RUNPATH_SEARCH_PATHS = (
					"$(inherited)",
					"@executable_path/Frameworks",
					"@loader_path/Frameworks",
				);
				PRODUCT_BUNDLE_IDENTIFIER = ru.myorg.GroundbookTests;
				PRODUCT_NAME = "$(TARGET_NAME)";
				SWIFT_VERSION = 5.0;
				TARGETED_DEVICE_FAMILY = "1,2";
				TEST_HOST = "$(BUILT_PRODUCTS_DIR)/Groundbook.app/Groundbook";
			};
			name = Debug;
		};
		8462BEF32560132F006B6FFA /* Release */ = {
			isa = XCBuildConfiguration;
			buildSettings = {
				ALWAYS_EMBED_SWIFT_STANDARD_LIBRARIES = YES;
				BUNDLE_LOADER = "$(TEST_HOST)";
				CODE_SIGN_STYLE = Automatic;
				DEVELOPMENT_TEAM = GFY3X62K93;
				INFOPLIST_FILE = GroundbookTests/Info.plist;
				IPHONEOS_DEPLOYMENT_TARGET = 14.0;
				LD_RUNPATH_SEARCH_PATHS = (
					"$(inherited)",
					"@executable_path/Frameworks",
					"@loader_path/Frameworks",
				);
				PRODUCT_BUNDLE_IDENTIFIER = ru.myorg.GroundbookTests;
				PRODUCT_NAME = "$(TARGET_NAME)";
				SWIFT_VERSION = 5.0;
				TARGETED_DEVICE_FAMILY = "1,2";
				TEST_HOST = "$(BUILT_PRODUCTS_DIR)/Groundbook.app/Groundbook";
			};
			name = Release;
		};
		8462BEF52560132F006B6FFA /* Debug */ = {
			isa = XCBuildConfiguration;
			buildSettings = {
				ALWAYS_EMBED_SWIFT_STANDARD_LIBRARIES = YES;
				CODE_SIGN_STYLE = Automatic;
				DEVELOPMENT_TEAM = GFY3X62K93;
				INFOPLIST_FILE = GroundbookUITests/Info.plist;
				LD_RUNPATH_SEARCH_PATHS = (
					"$(inherited)",
					"@executable_path/Frameworks",
					"@loader_path/Frameworks",
				);
				PRODUCT_BUNDLE_IDENTIFIER = ru.myorg.GroundbookUITests;
				PRODUCT_NAME = "$(TARGET_NAME)";
				SWIFT_VERSION = 5.0;
				TARGETED_DEVICE_FAMILY = "1,2";
				TEST_TARGET_NAME = Groundbook;
			};
			name = Debug;
		};
		8462BEF62560132F006B6FFA /* Release */ = {
			isa = XCBuildConfiguration;
			buildSettings = {
				ALWAYS_EMBED_SWIFT_STANDARD_LIBRARIES = YES;
				CODE_SIGN_STYLE = Automatic;
				DEVELOPMENT_TEAM = GFY3X62K93;
				INFOPLIST_FILE = GroundbookUITests/Info.plist;
				LD_RUNPATH_SEARCH_PATHS = (
					"$(inherited)",
					"@executable_path/Frameworks",
					"@loader_path/Frameworks",
				);
				PRODUCT_BUNDLE_IDENTIFIER = ru.myorg.GroundbookUITests;
				PRODUCT_NAME = "$(TARGET_NAME)";
				SWIFT_VERSION = 5.0;
				TARGETED_DEVICE_FAMILY = "1,2";
				TEST_TARGET_NAME = Groundbook;
			};
			name = Release;
		};
/* End XCBuildConfiguration section */

/* Begin XCConfigurationList section */
		8462BEC42560132B006B6FFA /* Build configuration list for PBXProject "Groundbook" */ = {
			isa = XCConfigurationList;
			buildConfigurations = (
				8462BEEC2560132F006B6FFA /* Debug */,
				8462BEED2560132F006B6FFA /* Release */,
			);
			defaultConfigurationIsVisible = 0;
			defaultConfigurationName = Release;
		};
		8462BEEE2560132F006B6FFA /* Build configuration list for PBXNativeTarget "Groundbook" */ = {
			isa = XCConfigurationList;
			buildConfigurations = (
				8462BEEF2560132F006B6FFA /* Debug */,
				8462BEF02560132F006B6FFA /* Release */,
			);
			defaultConfigurationIsVisible = 0;
			defaultConfigurationName = Release;
		};
		8462BEF12560132F006B6FFA /* Build configuration list for PBXNativeTarget "GroundbookTests" */ = {
			isa = XCConfigurationList;
			buildConfigurations = (
				8462BEF22560132F006B6FFA /* Debug */,
				8462BEF32560132F006B6FFA /* Release */,
			);
			defaultConfigurationIsVisible = 0;
			defaultConfigurationName = Release;
		};
		8462BEF42560132F006B6FFA /* Build configuration list for PBXNativeTarget "GroundbookUITests" */ = {
			isa = XCConfigurationList;
			buildConfigurations = (
				8462BEF52560132F006B6FFA /* Debug */,
				8462BEF62560132F006B6FFA /* Release */,
			);
			defaultConfigurationIsVisible = 0;
			defaultConfigurationName = Release;
		};
/* End XCConfigurationList section */
	};
	rootObject = 8462BEC12560132B006B6FFA /* Project object */;
}
